
Microsoft Visual Studio Solution File, Format Version 12.00
# Visual Studio Version 17
VisualStudioVersion = 17.13.35919.96 d17.13
MinimumVisualStudioVersion = 10.0.40219.1
Project("{FAE04EC0-301F-11D3-BF4B-00C04F79EFBC}") = "encryptsex", "encryptsex\encryptsex.csproj", "{6DE32DC9-16D9-4A15-A503-CDA64343D94E}"
EndProject
Global
	GlobalSection(SolutionConfigurationPlatforms) = preSolution
		Debug|Any CPU = Debug|Any CPU
		Release|Any CPU = Release|Any CPU
	EndGlobalSection
	GlobalSection(ProjectConfigurationPlatforms) = postSolution
		{6DE32DC9-16D9-4A15-A503-CDA64343D94E}.Debug|Any CPU.ActiveCfg = Debug|Any CPU
		{6DE32DC9-16D9-4A15-A503-CDA64343D94E}.Debug|Any CPU.Build.0 = Debug|Any CPU
		{6DE32DC9-16D9-4A15-A503-CDA64343D94E}.Release|Any CPU.ActiveCfg = Release|Any CPU
		{6DE32DC9-16D9-4A15-A503-CDA64343D94E}.Release|Any CPU.Build.0 = Release|Any CPU
	EndGlobalSection
	GlobalSection(SolutionProperties) = preSolution
		HideSolutionNode = FALSE
	EndGlobalSection
	GlobalSection(ExtensibilityGlobals) = postSolution
		SolutionGuid = {C87B6132-8644-4065-BD34-2DD2AD705246}
	EndGlobalSection
EndGlobal
